
Microsoft Visual Studio Solution File, Format Version 12.00
# Visual Studio 15
VisualStudioVersion = 15.0.28010.2016
MinimumVisualStudioVersion = 10.0.40219.1
Project("{FAE04EC0-301F-11D3-BF4B-00C04F79EFBC}") = "BstExercize", "BstExercize\BstExercize.csproj", "{AFA0F560-DAE4-4E03-A576-351CB0BF849C}"
EndProject
Global
	GlobalSection(SolutionConfigurationPlatforms) = preSolution
		Debug|Any CPU = Debug|Any CPU
		Release|Any CPU = Release|Any CPU
	EndGlobalSection
	GlobalSection(ProjectConfigurationPlatforms) = postSolution
		{AFA0F560-DAE4-4E03-A576-351CB0BF849C}.Debug|Any CPU.ActiveCfg = Debug|Any CPU
		{AFA0F560-DAE4-4E03-A576-351CB0BF849C}.Debug|Any CPU.Build.0 = Debug|Any CPU
		{AFA0F560-DAE4-4E03-A576-351CB0BF849C}.Release|Any CPU.ActiveCfg = Release|Any CPU
		{AFA0F560-DAE4-4E03-A576-351CB0BF849C}.Release|Any CPU.Build.0 = Release|Any CPU
	EndGlobalSection
	GlobalSection(SolutionProperties) = preSolution
		HideSolutionNode = FALSE
	EndGlobalSection
	GlobalSection(ExtensibilityGlobals) = postSolution
		SolutionGuid = {6776D88D-1EE9-498B-8726-C07B00695964}
	EndGlobalSection
EndGlobal
